<?xml version="1.0" encoding="utf-8"?>
<Project ToolsVersion="4.0" xmlns="http://schemas.microsoft.com/developer/msbuild/2003">
  <ItemGroup>
    <Filter Include="Source Files">
      <UniqueIdentifier>{4FC737F1-C7A5-4376-A066-2A32D752A2FF}</UniqueIdentifier>
      <Extensions>cpp;c;cc;cxx;def;odl;idl;hpj;bat;asm;asmx</Extensions>
    </Filter>
    <Filter Include="Header Files">
      <UniqueIdentifier>{93995380-89BD-4b04-88EB-625FBE52EBFB}</UniqueIdentifier>
      <Extensions>h;hh;hpp;hxx;hm;inl;inc;xsd</Extensions>
    </Filter>
    <Filter Include="Header Files\gfx">
      <UniqueIdentifier>{2b70e685-5830-42c4-9160-26d530cb6a4b}</UniqueIdentifier>
    </Filter>
    <Filter Include="Header Files\ecs">
      <UniqueIdentifier>{bff9baae-85dc-4ab9-9502-a59b1c2ce0f3}</UniqueIdentifier>
    </Filter>
    <Filter Include="Source Files\ecs">
      <UniqueIdentifier>{9f1a77bd-2221-4e1e-a04f-066318135da4}</UniqueIdentifier>
    </Filter>
    <Filter Include="Source Files\gfx">
      <UniqueIdentifier>{dde14576-b6f0-4d3c-9e2f-c02f6b4bd134}</UniqueIdentifier>
    </Filter>
    <Filter Include="Header Files\event">
      <UniqueIdentifier>{7b80ac1b-53c9-4f71-9187-dcfe93417c71}</UniqueIdentifier>
    </Filter>
    <Filter Include="Source Files\event">
      <UniqueIdentifier>{219b2246-2e14-4ac2-bb03-cdf3b7fdf385}</UniqueIdentifier>
    </Filter>
    <Filter Include="Header Files\io">
      <UniqueIdentifier>{131ea95e-02a8-4a5c-b543-e5f18f929b82}</UniqueIdentifier>
    </Filter>
    <Filter Include="Source Files\io">
      <UniqueIdentifier>{7e7ef7ab-cca0-467a-a0e1-a668a3130e91}</UniqueIdentifier>
    </Filter>
    <Filter Include="Header Files\scene">
      <UniqueIdentifier>{6e39ca5d-28cf-4c17-bf3e-046eaf1f7c60}</UniqueIdentifier>
    </Filter>
    <Filter Include="Source Files\scene">
      <UniqueIdentifier>{a457879d-fbb8-45d1-9af1-618d199ce0dc}</UniqueIdentifier>
    </Filter>
    <Filter Include="Header Files\anim">
      <UniqueIdentifier>{16a41881-5150-44ad-be4f-01eb6324fc33}</UniqueIdentifier>
    </Filter>
  </ItemGroup>
  <ItemGroup>
    <ClInclude Include="ecs\component.h">
      <Filter>Header Files\ecs</Filter>
    </ClInclude>
    <ClInclude Include="ecs\entity.h">
      <Filter>Header Files\ecs</Filter>
    </ClInclude>
    <ClInclude Include="ecs\entity_manager.h">
      <Filter>Header Files\ecs</Filter>
    </ClInclude>
    <ClInclude Include="ecs\system.h">
      <Filter>Header Files\ecs</Filter>
    </ClInclude>
    <ClInclude Include="gfx\mesh.h">
      <Filter>Header Files\gfx</Filter>
    </ClInclude>
    <ClInclude Include="gfx\shader.h">
      <Filter>Header Files\gfx</Filter>
    </ClInclude>
    <ClInclude Include="gfx\vertex.h">
      <Filter>Header Files\gfx</Filter>
    </ClInclude>
    <ClInclude Include="engine.h">
      <Filter>Header Files</Filter>
    </ClInclude>
    <ClInclude Include="globals.h">
      <Filter>Header Files</Filter>
    </ClInclude>
    <ClInclude Include="services.h">
      <Filter>Header Files</Filter>
    </ClInclude>
    <ClInclude Include="stdafx.h">
      <Filter>Header Files</Filter>
    </ClInclude>
    <ClInclude Include="targetver.h">
      <Filter>Header Files</Filter>
    </ClInclude>
    <ClInclude Include="window.h">
      <Filter>Header Files</Filter>
    </ClInclude>
    <ClInclude Include="event\event.h">
      <Filter>Header Files\event</Filter>
    </ClInclude>
    <ClInclude Include="event\event_manager.h">
      <Filter>Header Files\event</Filter>
    </ClInclude>
    <ClInclude Include="event\event_handler.h">
      <Filter>Header Files\event</Filter>
    </ClInclude>
    <ClInclude Include="asset_manager.h">
      <Filter>Header Files</Filter>
    </ClInclude>
    <ClInclude Include="io\blueprint_loader.h">
      <Filter>Header Files\io</Filter>
    </ClInclude>
    <ClInclude Include="io\loader.h">
      <Filter>Header Files\io</Filter>
    </ClInclude>
    <ClInclude Include="io\blueprint.h">
      <Filter>Header Files\io</Filter>
    </ClInclude>
    <ClInclude Include="ecs\transform.h">
      <Filter>Header Files\ecs</Filter>
    </ClInclude>
    <ClInclude Include="variant.h">
      <Filter>Header Files</Filter>
    </ClInclude>
    <ClInclude Include="io\shader_loader.h">
      <Filter>Header Files\io</Filter>
    </ClInclude>
    <ClInclude Include="ecs\component_manager.h">
      <Filter>Header Files\ecs</Filter>
    </ClInclude>
    <ClInclude Include="ecs\renderable.h">
      <Filter>Header Files\ecs</Filter>
    </ClInclude>
    <ClInclude Include="ecs\camera.h">
      <Filter>Header Files\ecs</Filter>
    </ClInclude>
    <ClInclude Include="scene\scene_manager.h">
      <Filter>Header Files\scene</Filter>
    </ClInclude>
    <ClInclude Include="gfx\texture.h">
      <Filter>Header Files\gfx</Filter>
    </ClInclude>
    <ClInclude Include="io\lodepng.h">
      <Filter>Header Files\io</Filter>
    </ClInclude>
    <ClInclude Include="io\texture_loader.h">
      <Filter>Header Files\io</Filter>
    </ClInclude>
    <ClInclude Include="io\mdl.h">
      <Filter>Header Files\io</Filter>
    </ClInclude>
    <ClInclude Include="ecs\skinned_renderable.h">
      <Filter>Header Files\ecs</Filter>
    </ClInclude>
    <ClInclude Include="io\mdl_loader.h">
      <Filter>Header Files\io</Filter>
    </ClInclude>
    <ClInclude Include="anim\animation.h">
      <Filter>Header Files\anim</Filter>
    </ClInclude>
    <ClInclude Include="anim\animation_keys.h">
      <Filter>Header Files\anim</Filter>
    </ClInclude>
    <ClInclude Include="anim\bone.h">
      <Filter>Header Files\anim</Filter>
    </ClInclude>
    <ClInclude Include="anim\bone_pose.h">
      <Filter>Header Files\anim</Filter>
    </ClInclude>
    <ClInclude Include="ecs\animator.h">
      <Filter>Header Files\ecs</Filter>
    </ClInclude>
    <ClInclude Include="ecs\animation_system.h">
      <Filter>Header Files\ecs</Filter>
    </ClInclude>
    <ClInclude Include="ecs\skinned_renderer.h">
      <Filter>Header Files\ecs</Filter>
    </ClInclude>
    <ClInclude Include="anim\geoset_anim.h">
      <Filter>Header Files\anim</Filter>
    </ClInclude>
    <ClInclude Include="ecs\player.h">
      <Filter>Header Files\ecs</Filter>
    </ClInclude>
    <ClInclude Include="gfx\uniform_buffer_object.h">
      <Filter>Header Files\gfx</Filter>
    </ClInclude>
    <ClInclude Include="gfx\uniforms.h">
      <Filter>Header Files\gfx</Filter>
    </ClInclude>
    <ClInclude Include="service.h">
      <Filter>Header Files\ecs</Filter>
    </ClInclude>
    <ClInclude Include="game_time.h">
      <Filter>Header Files</Filter>
    </ClInclude>
    <ClInclude Include="gfx\renderer.h">
      <Filter>Header Files\gfx</Filter>
    </ClInclude>
    <ClInclude Include="gfx\render_command.h">
      <Filter>Header Files\gfx</Filter>
    </ClInclude>
    <ClInclude Include="ecs\render_logic_system.h">
      <Filter>Header Files\ecs</Filter>
    </ClInclude>
    <ClInclude Include="ecs\basic_render_system.h">
      <Filter>Header Files\ecs</Filter>
    </ClInclude>
  </ItemGroup>
  <ItemGroup>
    <ClCompile Include="ecs\entity.cpp">
      <Filter>Source Files\ecs</Filter>
    </ClCompile>
    <ClCompile Include="ecs\entity_manager.cpp">
      <Filter>Source Files\ecs</Filter>
    </ClCompile>
    <ClCompile Include="gfx\mesh.cpp">
      <Filter>Source Files\gfx</Filter>
    </ClCompile>
    <ClCompile Include="gfx\shader.cpp">
      <Filter>Source Files\gfx</Filter>
    </ClCompile>
    <ClCompile Include="dllmain.cpp">
      <Filter>Source Files</Filter>
    </ClCompile>
    <ClCompile Include="engine.cpp">
      <Filter>Source Files</Filter>
    </ClCompile>
    <ClCompile Include="haksaengine.cpp">
      <Filter>Source Files</Filter>
    </ClCompile>
    <ClCompile Include="services.cpp">
      <Filter>Source Files</Filter>
    </ClCompile>
    <ClCompile Include="stdafx.cpp">
      <Filter>Source Files</Filter>
    </ClCompile>
    <ClCompile Include="window.cpp">
      <Filter>Source Files</Filter>
    </ClCompile>
    <ClCompile Include="event\event_manager.cpp">
      <Filter>Source Files\event</Filter>
    </ClCompile>
    <ClCompile Include="ecs\system.cpp">
      <Filter>Source Files\ecs</Filter>
    </ClCompile>
    <ClCompile Include="asset_manager.cpp">
      <Filter>Source Files</Filter>
    </ClCompile>
    <ClCompile Include="io\blueprint_loader.cpp">
      <Filter>Source Files\io</Filter>
    </ClCompile>
    <ClCompile Include="io\blueprint.cpp">
      <Filter>Source Files\io</Filter>
    </ClCompile>
    <ClCompile Include="variant.cpp">
      <Filter>Source Files</Filter>
    </ClCompile>
    <ClCompile Include="io\shader_loader.cpp">
      <Filter>Source Files\io</Filter>
    </ClCompile>
    <ClCompile Include="scene\scene_manager.cpp">
      <Filter>Source Files\scene</Filter>
    </ClCompile>
    <ClCompile Include="gfx\texture.cpp">
      <Filter>Source Files\gfx</Filter>
    </ClCompile>
    <ClCompile Include="io\lodepng.cpp">
      <Filter>Source Files\io</Filter>
    </ClCompile>
    <ClCompile Include="io\texture_loader.cpp">
      <Filter>Source Files\io</Filter>
    </ClCompile>
    <ClCompile Include="io\mdl.cpp">
      <Filter>Source Files\io</Filter>
    </ClCompile>
    <ClCompile Include="io\mdl_loader.cpp">
      <Filter>Source Files\io</Filter>
    </ClCompile>
    <ClCompile Include="ecs\animation_system.cpp">
      <Filter>Source Files\ecs</Filter>
    </ClCompile>
    <ClCompile Include="ecs\skinned_renderer.cpp">
      <Filter>Source Files\ecs</Filter>
    </ClCompile>
    <ClCompile Include="game_time.cpp">
      <Filter>Source Files</Filter>
    </ClCompile>
    <ClCompile Include="gfx\render_command.cpp">
      <Filter>Source Files\gfx</Filter>
    </ClCompile>
    <ClCompile Include="ecs\render_logic_system.cpp">
      <Filter>Source Files\ecs</Filter>
    </ClCompile>
    <ClCompile Include="gfx\renderer.cpp">
      <Filter>Source Files\gfx</Filter>
    </ClCompile>
    <ClCompile Include="ecs\basic_render_system.cpp">
      <Filter>Source Files\ecs</Filter>
    </ClCompile>
  </ItemGroup>
</Project>